
Microsoft Visual Studio Solution File, Format Version 12.00
# Visual Studio Version 16
VisualStudioVersion = 16.0.29911.84
MinimumVisualStudioVersion = 10.0.40219.1
Project("{9A19103F-16F7-4668-BE54-9A1E7A4F7556}") = "Solarus.Mvvm", "Solarus.Mvvm\Solarus.Mvvm.csproj", "{B68E5C01-01E5-48C8-90B0-5DD539B2D139}"
EndProject
Project("{2150E333-8FDC-42A3-9474-1A3956D46DE8}") = "Solution Items", "Solution Items", "{99B3ABD3-DEDA-4F92-8B31-F844D28E5A47}"
	ProjectSection(SolutionItems) = preProject
		Directory.Build.props = Directory.Build.props
		README.md = README.md
	EndProjectSection
EndProject
Project("{9A19103F-16F7-4668-BE54-9A1E7A4F7556}") = "Solarus.Wpf", "Solarus.Wpf\Solarus.Wpf.csproj", "{3ABA0224-AB79-4BCA-9B2A-180D28804F00}"
EndProject
Global
	GlobalSection(SolutionConfigurationPlatforms) = preSolution
		Debug|Any CPU = Debug|Any CPU
		Release|Any CPU = Release|Any CPU
	EndGlobalSection
	GlobalSection(ProjectConfigurationPlatforms) = postSolution
		{B68E5C01-01E5-48C8-90B0-5DD539B2D139}.Debug|Any CPU.ActiveCfg = Debug|Any CPU
		{B68E5C01-01E5-48C8-90B0-5DD539B2D139}.Debug|Any CPU.Build.0 = Debug|Any CPU
		{B68E5C01-01E5-48C8-90B0-5DD539B2D139}.Release|Any CPU.ActiveCfg = Release|Any CPU
		{B68E5C01-01E5-48C8-90B0-5DD539B2D139}.Release|Any CPU.Build.0 = Release|Any CPU
		{3ABA0224-AB79-4BCA-9B2A-180D28804F00}.Debug|Any CPU.ActiveCfg = Debug|Any CPU
		{3ABA0224-AB79-4BCA-9B2A-180D28804F00}.Debug|Any CPU.Build.0 = Debug|Any CPU
		{3ABA0224-AB79-4BCA-9B2A-180D28804F00}.Release|Any CPU.ActiveCfg = Release|Any CPU
		{3ABA0224-AB79-4BCA-9B2A-180D28804F00}.Release|Any CPU.Build.0 = Release|Any CPU
	EndGlobalSection
	GlobalSection(SolutionProperties) = preSolution
		HideSolutionNode = FALSE
	EndGlobalSection
	GlobalSection(ExtensibilityGlobals) = postSolution
		SolutionGuid = {D1E4487C-79EA-4DB8-93BC-A37B0CF85A05}
	EndGlobalSection
EndGlobal
